// !$*UTF8*$!
{
	archiveVersion = 1;
	classes = {
	};
	objectVersion = 46;
	objects = {

/* Begin PBXBuildFile section */
		0D540F8B1DEC2B81000DC8D6 /* main.m in Sources */ = {isa = PBXBuildFile; fileRef = 0D540F8A1DEC2B81000DC8D6 /* main.m */; };
		0D540F8E1DEC2B81000DC8D6 /* AppDelegate.m in Sources */ = {isa = PBXBuildFile; fileRef = 0D540F8D1DEC2B81000DC8D6 /* AppDelegate.m */; };
		0D540F911DEC2B81000DC8D6 /* ViewController.m in Sources */ = {isa = PBXBuildFile; fileRef = 0D540F901DEC2B81000DC8D6 /* ViewController.m */; };
		0D540F941DEC2B81000DC8D6 /* Main.storyboard in Resources */ = {isa = PBXBuildFile; fileRef = 0D540F921DEC2B81000DC8D6 /* Main.storyboard */; };
		0D540F961DEC2B81000DC8D6 /* Assets.xcassets in Resources */ = {isa = PBXBuildFile; fileRef = 0D540F951DEC2B81000DC8D6 /* Assets.xcassets */; };
		0D540F991DEC2B81000DC8D6 /* LaunchScreen.storyboard in Resources */ = {isa = PBXBuildFile; fileRef = 0D540F971DEC2B81000DC8D6 /* LaunchScreen.storyboard */; };
		0D540FA41DEC2B81000DC8D6 /* snowfallTests.m in Sources */ = {isa = PBXBuildFile; fileRef = 0D540FA31DEC2B81000DC8D6 /* snowfallTests.m */; };
/* End PBXBuildFile section */

/* Begin PBXContainerItemProxy section */
		0D540FA01DEC2B81000DC8D6 /* PBXContainerItemProxy */ = {
			isa = PBXContainerItemProxy;
			containerPortal = 0D540F7E1DEC2B81000DC8D6 /* Project object */;
			proxyType = 1;
			remoteGlobalIDString = 0D540F851DEC2B81000DC8D6;
			remoteInfo = snowfall;
		};
/* End PBXContainerItemProxy section */

/* Begin PBXFileReference section */
		0D540F861DEC2B81000DC8D6 /* snowfall.app */ = {isa = PBXFileReference; explicitFileType = wrapper.application; includeInIndex = 0; path = snowfall.app; sourceTree = BUILT_PRODUCTS_DIR; };
		0D540F8A1DEC2B81000DC8D6 /* main.m */ = {isa = PBXFileReference; lastKnownFileType = sourcecode.c.objc; path = main.m; sourceTree = "<group>"; };
		0D540F8C1DEC2B81000DC8D6 /* AppDelegate.h */ = {isa = PBXFileReference; lastKnownFileType = sourcecode.c.h; path = AppDelegate.h; sourceTree = "<group>"; };
		0D540F8D1DEC2B81000DC8D6 /* AppDelegate.m */ = {isa = PBXFileReference; lastKnownFileType = sourcecode.c.objc; path = AppDelegate.m; sourceTree = "<group>"; };
		0D540F8F1DEC2B81000DC8D6 /* ViewController.h */ = {isa = PBXFileReference; lastKnownFileType = sourcecode.c.h; path = ViewController.h; sourceTree = "<group>"; };
		0D540F901DEC2B81000DC8D6 /* ViewController.m */ = {isa = PBXFileReference; lastKnownFileType = sourcecode.c.objc; path = ViewController.m; sourceTree = "<group>"; };
		0D540F931DEC2B81000DC8D6 /* Base */ = {isa = PBXFileReference; lastKnownFileType = file.storyboard; name = Base; path = Base.lproj/Main.storyboard; sourceTree = "<group>"; };
		0D540F951DEC2B81000DC8D6 /* Assets.xcassets */ = {isa = PBXFileReference; lastKnownFileType = folder.assetcatalog; path = Assets.xcassets; sourceTree = "<group>"; };
		0D540F981DEC2B81000DC8D6 /* Base */ = {isa = PBXFileReference; lastKnownFileType = file.storyboard; name = Base; path = Base.lproj/LaunchScreen.storyboard; sourceTree = "<group>"; };
		0D540F9A1DEC2B81000DC8D6 /* Info.plist */ = {isa = PBXFileReference; lastKnownFileType = text.plist.xml; path = Info.plist; sourceTree = "<group>"; };
		0D540F9F1DEC2B81000DC8D6 /* snowfallTests.xctest */ = {isa = PBXFileReference; explicitFileType = wrapper.cfbundle; includeInIndex = 0; path = snowfallTests.xctest; sourceTree = BUILT_PRODUCTS_DIR; };
		0D540FA31DEC2B81000DC8D6 /* snowfallTests.m */ = {isa = PBXFileReference; lastKnownFileType = sourcecode.c.objc; path = snowfallTests.m; sourceTree = "<group>"; };
		0D540FA51DEC2B81000DC8D6 /* Info.plist */ = {isa = PBXFileReference; lastKnownFileType = text.plist.xml; path = Info.plist; sourceTree = "<group>"; };
/* End PBXFileReference section */

/* Begin PBXFrameworksBuildPhase section */
		0D540F831DEC2B81000DC8D6 /* Frameworks */ = {
			isa = PBXFrameworksBuildPhase;
			buildActionMask = 2147483647;
			files = (
			);
			runOnlyForDeploymentPostprocessing = 0;
		};
		0D540F9C1DEC2B81000DC8D6 /* Frameworks */ = {
			isa = PBXFrameworksBuildPhase;
			buildActionMask = 2147483647;
			files = (
			);
			runOnlyForDeploymentPostprocessing = 0;
		};
/* End PBXFrameworksBuildPhase section */

/* Begin PBXGroup section */
		0D540F7D1DEC2B81000DC8D6 = {
			isa = PBXGroup;
			children = (
				0D540F881DEC2B81000DC8D6 /* snowfall */,
				0D540FA21DEC2B81000DC8D6 /* snowfallTests */,
				0D540F871DEC2B81000DC8D6 /* Products */,
			);
			sourceTree = "<group>";
		};
		0D540F871DEC2B81000DC8D6 /* Products */ = {
			isa = PBXGroup;
			children = (
				0D540F861DEC2B81000DC8D6 /* snowfall.app */,
				0D540F9F1DEC2B81000DC8D6 /* snowfallTests.xctest */,
			);
			name = Products;
			sourceTree = "<group>";
		};
		0D540F881DEC2B81000DC8D6 /* snowfall */ = {
			isa = PBXGroup;
			children = (
				0D540F8C1DEC2B81000DC8D6 /* AppDelegate.h */,
				0D540F8D1DEC2B81000DC8D6 /* AppDelegate.m */,
				0D540F8F1DEC2B81000DC8D6 /* ViewController.h */,
				0D540F901DEC2B81000DC8D6 /* ViewController.m */,
				0D540F921DEC2B81000DC8D6 /* Main.storyboard */,
				0D540F951DEC2B81000DC8D6 /* Assets.xcassets */,
				0D540F971DEC2B81000DC8D6 /* LaunchScreen.storyboard */,
				0D540F9A1DEC2B81000DC8D6 /* Info.plist */,
				0D540F891DEC2B81000DC8D6 /* Supporting Files */,
			);
			path = snowfall;
			sourceTree = "<group>";
		};
		0D540F891DEC2B81000DC8D6 /* Supporting Files */ = {
			isa = PBXGroup;
			children = (
				0D540F8A1DEC2B81000DC8D6 /* main.m */,
			);
			name = "Supporting Files";
			sourceTree = "<group>";
		};
		0D540FA21DEC2B81000DC8D6 /* snowfallTests */ = {
			isa = PBXGroup;
			children = (
				0D540FA31DEC2B81000DC8D6 /* snowfallTests.m */,
				0D540FA51DEC2B81000DC8D6 /* Info.plist */,
			);
			path = snowfallTests;
			sourceTree = "<group>";
		};
/* End PBXGroup section */

/* Begin PBXNativeTarget section */
		0D540F851DEC2B81000DC8D6 /* snowfall */ = {
			isa = PBXNativeTarget;
			buildConfigurationList = 0D540FA81DEC2B81000DC8D6 /* Build configuration list for PBXNativeTarget "snowfall" */;
			buildPhases = (
				0D540F821DEC2B81000DC8D6 /* Sources */,
				0D540F831DEC2B81000DC8D6 /* Frameworks */,
				0D540F841DEC2B81000DC8D6 /* Resources */,
			);
			buildRules = (
			);
			dependencies = (
			);
			name = snowfall;
			productName = snowfall;
			productReference = 0D540F861DEC2B81000DC8D6 /* snowfall.app */;
			productType = "com.apple.product-type.application";
		};
		0D540F9E1DEC2B81000DC8D6 /* snowfallTests */ = {
			isa = PBXNativeTarget;
			buildConfigurationList = 0D540FAB1DEC2B81000DC8D6 /* Build configuration list for PBXNativeTarget "snowfallTests" */;
			buildPhases = (
				0D540F9B1DEC2B81000DC8D6 /* Sources */,
				0D540F9C1DEC2B81000DC8D6 /* Frameworks */,
				0D540F9D1DEC2B81000DC8D6 /* Resources */,
			);
			buildRules = (
			);
			dependencies = (
				0D540FA11DEC2B81000DC8D6 /* PBXTargetDependency */,
			);
			name = snowfallTests;
			productName = snowfallTests;
			productReference = 0D540F9F1DEC2B81000DC8D6 /* snowfallTests.xctest */;
			productType = "com.apple.product-type.bundle.unit-test";
		};
/* End PBXNativeTarget section */

/* Begin PBXProject section */
		0D540F7E1DEC2B81000DC8D6 /* Project object */ = {
			isa = PBXProject;
			attributes = {
				LastUpgradeCheck = 0810;
				ORGANIZATIONNAME = osolve;
				TargetAttributes = {
					0D540F851DEC2B81000DC8D6 = {
						CreatedOnToolsVersion = 8.1;
						DevelopmentTeam = ACYG7CE6BX;
						ProvisioningStyle = Automatic;
					};
					0D540F9E1DEC2B81000DC8D6 = {
						CreatedOnToolsVersion = 8.1;
						DevelopmentTeam = ACYG7CE6BX;
						ProvisioningStyle = Automatic;
						TestTargetID = 0D540F851DEC2B81000DC8D6;
					};
				};
			};
			buildConfigurationList = 0D540F811DEC2B81000DC8D6 /* Build configuration list for PBXProject "snowfall" */;
			compatibilityVersion = "Xcode 3.2";
			developmentRegion = English;
			hasScannedForEncodings = 0;
			knownRegions = (
				en,
				Base,
			);
			mainGroup = 0D540F7D1DEC2B81000DC8D6;
			productRefGroup = 0D540F871DEC2B81000DC8D6 /* Products */;
			projectDirPath = "";
			projectRoot = "";
			targets = (
				0D540F851DEC2B81000DC8D6 /* snowfall */,
				0D540F9E1DEC2B81000DC8D6 /* snowfallTests */,
			);
		};
/* End PBXProject section */

/* Begin PBXResourcesBuildPhase section */
		0D540F841DEC2B81000DC8D6 /* Resources */ = {
			isa = PBXResourcesBuildPhase;
			buildActionMask = 2147483647;
			files = (
				0D540F991DEC2B81000DC8D6 /* LaunchScreen.storyboard in Resources */,
				0D540F961DEC2B81000DC8D6 /* Assets.xcassets in Resources */,
				0D540F941DEC2B81000DC8D6 /* Main.storyboard in Resources */,
			);
			runOnlyForDeploymentPostprocessing = 0;
		};
		0D540F9D1DEC2B81000DC8D6 /* Resources */ = {
			isa = PBXResourcesBuildPhase;
			buildActionMask = 2147483647;
			files = (
			);
			runOnlyForDeploymentPostprocessing = 0;
		};
/* End PBXResourcesBuildPhase section */

/* Begin PBXSourcesBuildPhase section */
		0D540F821DEC2B81000DC8D6 /* Sources */ = {
			isa = PBXSourcesBuildPhase;
			buildActionMask = 2147483647;
			files = (
				0D540F911DEC2B81000DC8D6 /* ViewController.m in Sources */,
				0D540F8E1DEC2B81000DC8D6 /* AppDelegate.m in Sources */,
				0D540F8B1DEC2B81000DC8D6 /* main.m in Sources */,
			);
			runOnlyForDeploymentPostprocessing = 0;
		};
		0D540F9B1DEC2B81000DC8D6 /* Sources */ = {
			isa = PBXSourcesBuildPhase;
			buildActionMask = 2147483647;
			files = (
				0D540FA41DEC2B81000DC8D6 /* snowfallTests.m in Sources */,
			);
			runOnlyForDeploymentPostprocessing = 0;
		};
/* End PBXSourcesBuildPhase section */

/* Begin PBXTargetDependency section */
		0D540FA11DEC2B81000DC8D6 /* PBXTargetDependency */ = {
			isa = PBXTargetDependency;
			target = 0D540F851DEC2B81000DC8D6 /* snowfall */;
			targetProxy = 0D540FA01DEC2B81000DC8D6 /* PBXContainerItemProxy */;
		};
/* End PBXTargetDependency section */

/* Begin PBXVariantGroup section */
		0D540F921DEC2B81000DC8D6 /* Main.storyboard */ = {
			isa = PBXVariantGroup;
			children = (
				0D540F931DEC2B81000DC8D6 /* Base */,
			);
			name = Main.storyboard;
			sourceTree = "<group>";
		};
		0D540F971DEC2B81000DC8D6 /* LaunchScreen.storyboard */ = {
			isa = PBXVariantGroup;
			children = (
				0D540F981DEC2B81000DC8D6 /* Base */,
			);
			name = LaunchScreen.storyboard;
			sourceTree = "<group>";
		};
/* End PBXVariantGroup section */

/* Begin XCBuildConfiguration section */
		0D540FA61DEC2B81000DC8D6 /* Debug */ = {
			isa = XCBuildConfiguration;
			buildSettings = {
				ALWAYS_SEARCH_USER_PATHS = NO;
				CLANG_ANALYZER_NONNULL = YES;
				CLANG_CXX_LANGUAGE_STANDARD = "gnu++0x";
				CLANG_CXX_LIBRARY = "libc++";
				CLANG_ENABLE_MODULES = YES;
				CLANG_ENABLE_OBJC_ARC = YES;
				CLANG_WARN_BOOL_CONVERSION = YES;
				CLANG_WARN_CONSTANT_CONVERSION = YES;
				CLANG_WARN_DIRECT_OBJC_ISA_USAGE = YES_ERROR;
				CLANG_WARN_DOCUMENTATION_COMMENTS = YES;
				CLANG_WARN_EMPTY_BODY = YES;
				CLANG_WARN_ENUM_CONVERSION = YES;
				CLANG_WARN_INFINITE_RECURSION = YES;
				CLANG_WARN_INT_CONVERSION = YES;
				CLANG_WARN_OBJC_ROOT_CLASS = YES_ERROR;
				CLANG_WARN_SUSPICIOUS_MOVES = YES;
				CLANG_WARN_UNREACHABLE_CODE = YES;
				CLANG_WARN__DUPLICATE_METHOD_MATCH = YES;
				"CODE_SIGN_IDENTITY[sdk=iphoneos*]" = "iPhone Developer";
				COPY_PHASE_STRIP = NO;
				DEBUG_INFORMATION_FORMAT = dwarf;
				ENABLE_STRICT_OBJC_MSGSEND = YES;
				ENABLE_TESTABILITY = YES;
				GCC_C_LANGUAGE_STANDARD = gnu99;
				GCC_DYNAMIC_NO_PIC = NO;
				GCC_NO_COMMON_BLOCKS = YES;
				GCC_OPTIMIZATION_LEVEL = 0;
				GCC_PREPROCESSOR_DEFINITIONS = (
					"DEBUG=1",
					"$(inherited)",
				);
				GCC_WARN_64_TO_32_BIT_CONVERSION = YES;
				GCC_WARN_ABOUT_RETURN_TYPE = YES_ERROR;
				GCC_WARN_UNDECLARED_SELECTOR = YES;
				GCC_WARN_UNINITIALIZED_AUTOS = YES_AGGRESSIVE;
				GCC_WARN_UNUSED_FUNCTION = YES;
				GCC_WARN_UNUSED_VARIABLE = YES;
				IPHONEOS_DEPLOYMENT_TARGET = 10.1;
				MTL_ENABLE_DEBUG_INFO = YES;
				ONLY_ACTIVE_ARCH = YES;
				SDKROOT = iphoneos;
			};
			name = Debug;
		};
		0D540FA71DEC2B81000DC8D6 /* Release */ = {
			isa = XCBuildConfiguration;
			buildSettings = {
				ALWAYS_SEARCH_USER_PATHS = NO;
				CLANG_ANALYZER_NONNULL = YES;
				CLANG_CXX_LANGUAGE_STANDARD = "gnu++0x";
				CLANG_CXX_LIBRARY = "libc++";
				CLANG_ENABLE_MODULES = YES;
				CLANG_ENABLE_OBJC_ARC = YES;
				CLANG_WARN_BOOL_CONVERSION = YES;
				CLANG_WARN_CONSTANT_CONVERSION = YES;
				CLANG_WARN_DIRECT_OBJC_ISA_USAGE = YES_ERROR;
				CLANG_WARN_DOCUMENTATION_COMMENTS = YES;
				CLANG_WARN_EMPTY_BODY = YES;
				CLANG_WARN_ENUM_CONVERSION = YES;
				CLANG_WARN_INFINITE_RECURSION = YES;
				CLANG_WARN_INT_CONVERSION = YES;
				CLANG_WARN_OBJC_ROOT_CLASS = YES_ERROR;
				CLANG_WARN_SUSPICIOUS_MOVES = YES;
				CLANG_WARN_UNREACHABLE_CODE = YES;
				CLANG_WARN__DUPLICATE_METHOD_MATCH = YES;
				"CODE_SIGN_IDENTITY[sdk=iphoneos*]" = "iPhone Developer";
				COPY_PHASE_STRIP = NO;
				DEBUG_INFORMATION_FORMAT = "dwarf-with-dsym";
				ENABLE_NS_ASSERTIONS = NO;
				ENABLE_STRICT_OBJC_MSGSEND = YES;
				GCC_C_LANGUAGE_STANDARD = gnu99;
				GCC_NO_COMMON_BLOCKS = YES;
				GCC_WARN_64_TO_32_BIT_CONVERSION = YES;
				GCC_WARN_ABOUT_RETURN_TYPE = YES_ERROR;
				GCC_WARN_UNDECLARED_SELECTOR = YES;
				GCC_WARN_UNINITIALIZED_AUTOS = YES_AGGRESSIVE;
				GCC_WARN_UNUSED_FUNCTION = YES;
				GCC_WARN_UNUSED_VARIABLE = YES;
				IPHONEOS_DEPLOYMENT_TARGET = 10.1;
				MTL_ENABLE_DEBUG_INFO = NO;
				SDKROOT = iphoneos;
				VALIDATE_PRODUCT = YES;
			};
			name = Release;
		};
		0D540FA91DEC2B81000DC8D6 /* Debug */ = {
			isa = XCBuildConfiguration;
			buildSettings = {
				ASSETCATALOG_COMPILER_APPICON_NAME = AppIcon;
				DEVELOPMENT_TEAM = ACYG7CE6BX;
				INFOPLIST_FILE = snowfall/Info.plist;
				LD_RUNPATH_SEARCH_PATHS = "$(inherited) @executable_path/Frameworks";
				PRODUCT_BUNDLE_IDENTIFIER = com.osolve.snowfall;
				PRODUCT_NAME = "$(TARGET_NAME)";
			};
			name = Debug;
		};
		0D540FAA1DEC2B81000DC8D6 /* Release */ = {
			isa = XCBuildConfiguration;
			buildSettings = {
				ASSETCATALOG_COMPILER_APPICON_NAME = AppIcon;
				DEVELOPMENT_TEAM = ACYG7CE6BX;
				INFOPLIST_FILE = snowfall/Info.plist;
				LD_RUNPATH_SEARCH_PATHS = "$(inherited) @executable_path/Frameworks";
				PRODUCT_BUNDLE_IDENTIFIER = com.osolve.snowfall;
				PRODUCT_NAME = "$(TARGET_NAME)";
			};
			name = Release;
		};
		0D540FAC1DEC2B81000DC8D6 /* Debug */ = {
			isa = XCBuildConfiguration;
			buildSettings = {
				BUNDLE_LOADER = "$(TEST_HOST)";
				DEVELOPMENT_TEAM = ACYG7CE6BX;
				INFOPLIST_FILE = snowfallTests/Info.plist;
				LD_RUNPATH_SEARCH_PATHS = "$(inherited) @executable_path/Frameworks @loader_path/Frameworks";
				PRODUCT_BUNDLE_IDENTIFIER = com.osolve.snowfallTests;
				PRODUCT_NAME = "$(TARGET_NAME)";
				TEST_HOST = "$(BUILT_PRODUCTS_DIR)/snowfall.app/snowfall";
			};
			name = Debug;
		};
		0D540FAD1DEC2B81000DC8D6 /* Release */ = {
			isa = XCBuildConfiguration;
			buildSettings = {
				BUNDLE_LOADER = "$(TEST_HOST)";
				DEVELOPMENT_TEAM = ACYG7CE6BX;
				INFOPLIST_FILE = snowfallTests/Info.plist;
				LD_RUNPATH_SEARCH_PATHS = "$(inherited) @executable_path/Frameworks @loader_path/Frameworks";
				PRODUCT_BUNDLE_IDENTIFIER = com.osolve.snowfallTests;
				PRODUCT_NAME = "$(TARGET_NAME)";
				TEST_HOST = "$(BUILT_PRODUCTS_DIR)/snowfall.app/snowfall";
			};
			name = Release;
		};
/* End XCBuildConfiguration section */

/* Begin XCConfigurationList section */
		0D540F811DEC2B81000DC8D6 /* Build configuration list for PBXProject "snowfall" */ = {
			isa = XCConfigurationList;
			buildConfigurations = (
				0D540FA61DEC2B81000DC8D6 /* Debug */,
				0D540FA71DEC2B81000DC8D6 /* Release */,
			);
			defaultConfigurationIsVisible = 0;
			defaultConfigurationName = Release;
		};
		0D540FA81DEC2B81000DC8D6 /* Build configuration list for PBXNativeTarget "snowfall" */ = {
			isa = XCConfigurationList;
			buildConfigurations = (
				0D540FA91DEC2B81000DC8D6 /* Debug */,
				0D540FAA1DEC2B81000DC8D6 /* Release */,
			);
			defaultConfigurationIsVisible = 0;
		};
		0D540FAB1DEC2B81000DC8D6 /* Build configuration list for PBXNativeTarget "snowfallTests" */ = {
			isa = XCConfigurationList;
			buildConfigurations = (
				0D540FAC1DEC2B81000DC8D6 /* Debug */,
				0D540FAD1DEC2B81000DC8D6 /* Release */,
			);
			defaultConfigurationIsVisible = 0;
		};
/* End XCConfigurationList section */
	};
	rootObject = 0D540F7E1DEC2B81000DC8D6 /* Project object */;
}
